
Microsoft Visual Studio Solution File, Format Version 12.00
# Visual Studio Version 17
VisualStudioVersion = 17.12.35527.113
MinimumVisualStudioVersion = 10.0.40219.1
Project("{FAE04EC0-301F-11D3-BF4B-00C04F79EFBC}") = "Sp_practise", "Sp_practise\Sp_practise.csproj", "{DD23E984-F9C8-4792-8E45-7617A770BA6A}"
EndProject
Project("{FAE04EC0-301F-11D3-BF4B-00C04F79EFBC}") = "Domain", "Domain\Domain.csproj", "{0BC4D1E9-F578-42BC-83EF-D726C54B16DF}"
EndProject
Project("{FAE04EC0-301F-11D3-BF4B-00C04F79EFBC}") = "SP.EF", "EF\SP.EF.csproj", "{9850ACD2-B366-4B94-BF93-579C573A9CD7}"
EndProject
Project("{FAE04EC0-301F-11D3-BF4B-00C04F79EFBC}") = "Entity", "Entity\Entity.csproj", "{6B8B59E5-1B73-4B0D-BA9C-4896BBA1D5F4}"
EndProject
Global
	GlobalSection(SolutionConfigurationPlatforms) = preSolution
		Debug|Any CPU = Debug|Any CPU
		Release|Any CPU = Release|Any CPU
	EndGlobalSection
	GlobalSection(ProjectConfigurationPlatforms) = postSolution
		{DD23E984-F9C8-4792-8E45-7617A770BA6A}.Debug|Any CPU.ActiveCfg = Debug|Any CPU
		{DD23E984-F9C8-4792-8E45-7617A770BA6A}.Debug|Any CPU.Build.0 = Debug|Any CPU
		{DD23E984-F9C8-4792-8E45-7617A770BA6A}.Release|Any CPU.ActiveCfg = Release|Any CPU
		{DD23E984-F9C8-4792-8E45-7617A770BA6A}.Release|Any CPU.Build.0 = Release|Any CPU
		{0BC4D1E9-F578-42BC-83EF-D726C54B16DF}.Debug|Any CPU.ActiveCfg = Debug|Any CPU
		{0BC4D1E9-F578-42BC-83EF-D726C54B16DF}.Debug|Any CPU.Build.0 = Debug|Any CPU
		{0BC4D1E9-F578-42BC-83EF-D726C54B16DF}.Release|Any CPU.ActiveCfg = Release|Any CPU
		{0BC4D1E9-F578-42BC-83EF-D726C54B16DF}.Release|Any CPU.Build.0 = Release|Any CPU
		{9850ACD2-B366-4B94-BF93-579C573A9CD7}.Debug|Any CPU.ActiveCfg = Debug|Any CPU
		{9850ACD2-B366-4B94-BF93-579C573A9CD7}.Debug|Any CPU.Build.0 = Debug|Any CPU
		{9850ACD2-B366-4B94-BF93-579C573A9CD7}.Release|Any CPU.ActiveCfg = Release|Any CPU
		{9850ACD2-B366-4B94-BF93-579C573A9CD7}.Release|Any CPU.Build.0 = Release|Any CPU
		{6B8B59E5-1B73-4B0D-BA9C-4896BBA1D5F4}.Debug|Any CPU.ActiveCfg = Debug|Any CPU
		{6B8B59E5-1B73-4B0D-BA9C-4896BBA1D5F4}.Debug|Any CPU.Build.0 = Debug|Any CPU
		{6B8B59E5-1B73-4B0D-BA9C-4896BBA1D5F4}.Release|Any CPU.ActiveCfg = Release|Any CPU
		{6B8B59E5-1B73-4B0D-BA9C-4896BBA1D5F4}.Release|Any CPU.Build.0 = Release|Any CPU
	EndGlobalSection
	GlobalSection(SolutionProperties) = preSolution
		HideSolutionNode = FALSE
	EndGlobalSection
EndGlobal
